
Microsoft Visual Studio Solution File, Format Version 12.00
# Visual Studio Version 17
VisualStudioVersion = 17.6.33829.357
MinimumVisualStudioVersion = 10.0.40219.1
Project("{FAE04EC0-301F-11D3-BF4B-00C04F79EFBC}") = "MembersC", "MembersC\MembersC.csproj", "{EB5B36D4-FDCF-4401-971D-D85160100805}"
EndProject
Global
	GlobalSection(SolutionConfigurationPlatforms) = preSolution
		Debug|Any CPU = Debug|Any CPU
		Release|Any CPU = Release|Any CPU
	EndGlobalSection
	GlobalSection(ProjectConfigurationPlatforms) = postSolution
		{EB5B36D4-FDCF-4401-971D-D85160100805}.Debug|Any CPU.ActiveCfg = Debug|Any CPU
		{EB5B36D4-FDCF-4401-971D-D85160100805}.Debug|Any CPU.Build.0 = Debug|Any CPU
		{EB5B36D4-FDCF-4401-971D-D85160100805}.Release|Any CPU.ActiveCfg = Release|Any CPU
		{EB5B36D4-FDCF-4401-971D-D85160100805}.Release|Any CPU.Build.0 = Release|Any CPU
	EndGlobalSection
	GlobalSection(SolutionProperties) = preSolution
		HideSolutionNode = FALSE
	EndGlobalSection
	GlobalSection(ExtensibilityGlobals) = postSolution
		SolutionGuid = {2F4E867F-6F12-4A71-9CA6-CEAFFD74FFD9}
	EndGlobalSection
EndGlobal
